
Microsoft Visual Studio Solution File, Format Version 12.00
# Visual Studio 2013
VisualStudioVersion = 12.0.40121.0
MinimumVisualStudioVersion = 10.0.40219.1
Project("{8BC9CEB8-8B4A-11D0-8D11-00A0C91BC942}") = "UninonFind", "FirstExample\FirstExample.vcxproj", "{9ECAF8F1-2E7F-40DE-87C7-258C8D104E8E}"
EndProject
Project("{2150E333-8FDC-42A3-9474-1A3956D46DE8}") = "Connectivity", "Connectivity", "{8D7E5752-4983-4CFD-B77C-BB3CEB3CEB11}"
EndProject
Project("{2150E333-8FDC-42A3-9474-1A3956D46DE8}") = "Searching", "Searching", "{0DD20C41-37FD-41C6-8EFE-03A1D0268809}"
EndProject
Project("{2150E333-8FDC-42A3-9474-1A3956D46DE8}") = "Elementary Data Structures", "Elementary Data Structures", "{EE74FC34-9FD7-4885-B66E-B4A169457E6C}"
EndProject
Project("{2150E333-8FDC-42A3-9474-1A3956D46DE8}") = "Abstract Data Types", "Abstract Data Types", "{0FA3345B-C09B-4EA2-9E0A-F67C5508BC7D}"
EndProject
Project("{2150E333-8FDC-42A3-9474-1A3956D46DE8}") = "Recursion and Trees", "Recursion and Trees", "{45129E82-A76F-4294-843B-2E8E86C34F8D}"
EndProject
Project("{2150E333-8FDC-42A3-9474-1A3956D46DE8}") = "Data Structures", "Data Structures", "{E9507834-FCF2-402C-94BF-B4E291D52D9D}"
EndProject
Project("{2150E333-8FDC-42A3-9474-1A3956D46DE8}") = "Fundamentals", "Fundamentals", "{849A4416-27D5-437C-A143-15E39C273086}"
EndProject
Project("{2150E333-8FDC-42A3-9474-1A3956D46DE8}") = "Balanced Trees", "Balanced Trees", "{7602846C-78FF-40BE-A4A6-6BDB5BC2CCC3}"
EndProject
Project("{2150E333-8FDC-42A3-9474-1A3956D46DE8}") = "Basic searching", "Basic searching", "{BC6030FF-09AE-4296-B96A-A7A44140328C}"
EndProject
Project("{8BC9CEB8-8B4A-11D0-8D11-00A0C91BC942}") = "BasicSearching", "BasicSearching\BasicSearching.vcxproj", "{84A92773-2757-4399-BD6E-78A87DCFED95}"
EndProject
Project("{8BC9CEB8-8B4A-11D0-8D11-00A0C91BC942}") = "BasicWorkTools", "BasicWorkTools\BasicWorkTools.vcxproj", "{387CCC8D-BCB0-487D-BA14-CB399D191026}"
EndProject
Project("{8BC9CEB8-8B4A-11D0-8D11-00A0C91BC942}") = "ErathosteneSieve", "ErathosteneSieve\ErathosteneSieve.vcxproj", "{25A38D05-41C8-4A7D-B3B0-9773AEB7002A}"
EndProject
Project("{8BC9CEB8-8B4A-11D0-8D11-00A0C91BC942}") = "SimpleLinkedList", "SimpleLinkedList\SimpleLinkedList.vcxproj", "{BE65EBF4-59A7-4E24-9D91-C03B8253ED49}"
EndProject
Project("{8BC9CEB8-8B4A-11D0-8D11-00A0C91BC942}") = "JosephuCircularList", "JosephuCircularList\JosephuCircularList.vcxproj", "{CF1BEDCA-0295-4F6D-98CF-543249DB0D24}"
EndProject
Project("{8BC9CEB8-8B4A-11D0-8D11-00A0C91BC942}") = "LinkedListFramework", "LinkedListFramework\LinkedListFramework.vcxproj", "{780C672B-3519-496B-95EF-40617CC90439}"
EndProject
Project("{2150E333-8FDC-42A3-9474-1A3956D46DE8}") = "linked list framework", "linked list framework", "{CAFE3817-37C1-4B1F-91FC-F1C980D51336}"
EndProject
Project("{8BC9CEB8-8B4A-11D0-8D11-00A0C91BC942}") = "Stack", "Stack\Stack.vcxproj", "{EAC83283-1A3F-48D5-AD92-74854021F829}"
EndProject
Project("{8BC9CEB8-8B4A-11D0-8D11-00A0C91BC942}") = "Deqeue", "Deqeue\Deqeue.vcxproj", "{C36B59AC-5674-41A4-AC34-113130D22411}"
EndProject
Project("{8BC9CEB8-8B4A-11D0-8D11-00A0C91BC942}") = "SkipLists", "SkipLists\SkipLists.vcxproj", "{E4945524-10B8-465B-ACBA-8C193CE565CD}"
EndProject
Project("{8BC9CEB8-8B4A-11D0-8D11-00A0C91BC942}") = "Polynomial", "Polynomial\Polynomial.vcxproj", "{B0B7CF98-B3C9-4CFC-9A66-40181F5268B6}"
EndProject
Project("{8BC9CEB8-8B4A-11D0-8D11-00A0C91BC942}") = "SimpleRecurisveAlgorithms", "SimpleRecurisveAlgorithms\SimpleRecurisveAlgorithms.vcxproj", "{E74DD6DB-D181-4137-9755-E436F1BBF586}"
EndProject
Project("{8BC9CEB8-8B4A-11D0-8D11-00A0C91BC942}") = "TowersOfHanoi", "TowersOfHanoi\TowersOfHanoi.vcxproj", "{D547EA82-8F97-4AEA-9B5B-6C1A5B54B729}"
EndProject
Project("{8BC9CEB8-8B4A-11D0-8D11-00A0C91BC942}") = "BinarySearch", "BinarySearch\BinarySearch.vcxproj", "{0CF76D7F-F70A-4623-83DA-04F912A73812}"
EndProject
Project("{8BC9CEB8-8B4A-11D0-8D11-00A0C91BC942}") = "LinkedListSmartPointers", "LinkedListSmartPointers\LinkedListSmartPointers.vcxproj", "{C83FD6D7-E465-4D1F-B715-AD554FBEC17C}"
EndProject
Project("{8BC9CEB8-8B4A-11D0-8D11-00A0C91BC942}") = "ConvertCircularToPlainList", "ConvertCircularToPlainList\ConvertCircularToPlainList.vcxproj", "{61C590B0-CC0B-4A55-B6FB-68A3DC97B1A0}"
EndProject
Project("{2150E333-8FDC-42A3-9474-1A3956D46DE8}") = "Interview Questions", "Interview Questions", "{36E612CC-F820-47E2-A5F8-FA31AAE679FA}"
EndProject
Project("{8BC9CEB8-8B4A-11D0-8D11-00A0C91BC942}") = "LinkedListAlgorithms", "BasicLinkedListOperations\BasicLinkedListOperations.vcxproj", "{B6F14CB8-CCF6-4FD7-BE17-75050F90228C}"
EndProject
Project("{8BC9CEB8-8B4A-11D0-8D11-00A0C91BC942}") = "FlattenLinkedList", "FlattenLinkedList\FlattenLinkedList.vcxproj", "{68E314E1-7E92-4EAA-B2AA-26D411E886B0}"
EndProject
Project("{8BC9CEB8-8B4A-11D0-8D11-00A0C91BC942}") = "OnSameLine", "OnSameLine\OnSameLine.vcxproj", "{C10E3F57-38BC-42E8-96C3-915C80058F3B}"
EndProject
Project("{8BC9CEB8-8B4A-11D0-8D11-00A0C91BC942}") = "CloneAList", "CloneAList\CloneAList.vcxproj", "{02B7915E-C407-4C7A-885A-8F3334A322C4}"
EndProject
Project("{2150E333-8FDC-42A3-9474-1A3956D46DE8}") = "Tests", "Tests", "{55250D63-10DE-45FA-A808-2B5C699BCD3D}"
EndProject
Project("{8BC9CEB8-8B4A-11D0-8D11-00A0C91BC942}") = "ExpressionEvaluation", "ExpressionEvaluation\ExpressionEvaluation.vcxproj", "{8ED5917A-4CCC-45D7-8A64-D7D674169C6F}"
EndProject
Project("{8BC9CEB8-8B4A-11D0-8D11-00A0C91BC942}") = "StackAlgorithms", "StackAlgorithms\StackAlgorithms.vcxproj", "{9643411F-2D2E-4E51-A11E-78F7C72D8182}"
EndProject
Project("{8BC9CEB8-8B4A-11D0-8D11-00A0C91BC942}") = "QueueUsingStacks", "QueueUsingStacks\QueueUsingStacks.vcxproj", "{B5CB08D2-B2B8-4318-B444-A8EC94D4ECAA}"
EndProject
Project("{8BC9CEB8-8B4A-11D0-8D11-00A0C91BC942}") = "KStacks", "KStacks\KStacks.vcxproj", "{F9255E59-87E2-4440-B7BB-68A517432603}"
EndProject
Project("{8BC9CEB8-8B4A-11D0-8D11-00A0C91BC942}") = "ExpressionEvaluation_test", "ExpressionEvaluation_test\ExpressionEvaluation_test.vcxproj", "{4ECE3A2D-B0F9-427A-90FA-0E413EE7BC42}"
EndProject
Project("{8BC9CEB8-8B4A-11D0-8D11-00A0C91BC942}") = "LinkedListAlgorithms_test", "LinkedListOperations_test\LinkedListOperations_test.vcxproj", "{1EFC2843-75DF-46E4-B715-48E8EA8993AD}"
EndProject
Project("{8BC9CEB8-8B4A-11D0-8D11-00A0C91BC942}") = "UnionFind_test", "UnionFind_test\UnionFind_test.vcxproj", "{4A8E053D-4ABA-43BB-AE2B-53A28C048CCE}"
EndProject
Global
	GlobalSection(SolutionConfigurationPlatforms) = preSolution
		Debug|Win32 = Debug|Win32
		Release|Win32 = Release|Win32
	EndGlobalSection
	GlobalSection(ProjectConfigurationPlatforms) = postSolution
		{9ECAF8F1-2E7F-40DE-87C7-258C8D104E8E}.Debug|Win32.ActiveCfg = Debug|Win32
		{9ECAF8F1-2E7F-40DE-87C7-258C8D104E8E}.Debug|Win32.Build.0 = Debug|Win32
		{9ECAF8F1-2E7F-40DE-87C7-258C8D104E8E}.Release|Win32.ActiveCfg = Release|Win32
		{9ECAF8F1-2E7F-40DE-87C7-258C8D104E8E}.Release|Win32.Build.0 = Release|Win32
		{84A92773-2757-4399-BD6E-78A87DCFED95}.Debug|Win32.ActiveCfg = Debug|Win32
		{84A92773-2757-4399-BD6E-78A87DCFED95}.Debug|Win32.Build.0 = Debug|Win32
		{84A92773-2757-4399-BD6E-78A87DCFED95}.Release|Win32.ActiveCfg = Release|Win32
		{84A92773-2757-4399-BD6E-78A87DCFED95}.Release|Win32.Build.0 = Release|Win32
		{387CCC8D-BCB0-487D-BA14-CB399D191026}.Debug|Win32.ActiveCfg = Debug|Win32
		{387CCC8D-BCB0-487D-BA14-CB399D191026}.Debug|Win32.Build.0 = Debug|Win32
		{387CCC8D-BCB0-487D-BA14-CB399D191026}.Release|Win32.ActiveCfg = Release|Win32
		{387CCC8D-BCB0-487D-BA14-CB399D191026}.Release|Win32.Build.0 = Release|Win32
		{25A38D05-41C8-4A7D-B3B0-9773AEB7002A}.Debug|Win32.ActiveCfg = Debug|Win32
		{25A38D05-41C8-4A7D-B3B0-9773AEB7002A}.Debug|Win32.Build.0 = Debug|Win32
		{25A38D05-41C8-4A7D-B3B0-9773AEB7002A}.Release|Win32.ActiveCfg = Release|Win32
		{25A38D05-41C8-4A7D-B3B0-9773AEB7002A}.Release|Win32.Build.0 = Release|Win32
		{BE65EBF4-59A7-4E24-9D91-C03B8253ED49}.Debug|Win32.ActiveCfg = Debug|Win32
		{BE65EBF4-59A7-4E24-9D91-C03B8253ED49}.Debug|Win32.Build.0 = Debug|Win32
		{BE65EBF4-59A7-4E24-9D91-C03B8253ED49}.Release|Win32.ActiveCfg = Release|Win32
		{BE65EBF4-59A7-4E24-9D91-C03B8253ED49}.Release|Win32.Build.0 = Release|Win32
		{CF1BEDCA-0295-4F6D-98CF-543249DB0D24}.Debug|Win32.ActiveCfg = Debug|Win32
		{CF1BEDCA-0295-4F6D-98CF-543249DB0D24}.Debug|Win32.Build.0 = Debug|Win32
		{CF1BEDCA-0295-4F6D-98CF-543249DB0D24}.Release|Win32.ActiveCfg = Release|Win32
		{CF1BEDCA-0295-4F6D-98CF-543249DB0D24}.Release|Win32.Build.0 = Release|Win32
		{780C672B-3519-496B-95EF-40617CC90439}.Debug|Win32.ActiveCfg = Debug|Win32
		{780C672B-3519-496B-95EF-40617CC90439}.Debug|Win32.Build.0 = Debug|Win32
		{780C672B-3519-496B-95EF-40617CC90439}.Release|Win32.ActiveCfg = Release|Win32
		{780C672B-3519-496B-95EF-40617CC90439}.Release|Win32.Build.0 = Release|Win32
		{EAC83283-1A3F-48D5-AD92-74854021F829}.Debug|Win32.ActiveCfg = Debug|Win32
		{EAC83283-1A3F-48D5-AD92-74854021F829}.Debug|Win32.Build.0 = Debug|Win32
		{EAC83283-1A3F-48D5-AD92-74854021F829}.Release|Win32.ActiveCfg = Release|Win32
		{EAC83283-1A3F-48D5-AD92-74854021F829}.Release|Win32.Build.0 = Release|Win32
		{C36B59AC-5674-41A4-AC34-113130D22411}.Debug|Win32.ActiveCfg = Debug|Win32
		{C36B59AC-5674-41A4-AC34-113130D22411}.Debug|Win32.Build.0 = Debug|Win32
		{C36B59AC-5674-41A4-AC34-113130D22411}.Release|Win32.ActiveCfg = Release|Win32
		{C36B59AC-5674-41A4-AC34-113130D22411}.Release|Win32.Build.0 = Release|Win32
		{E4945524-10B8-465B-ACBA-8C193CE565CD}.Debug|Win32.ActiveCfg = Debug|Win32
		{E4945524-10B8-465B-ACBA-8C193CE565CD}.Debug|Win32.Build.0 = Debug|Win32
		{E4945524-10B8-465B-ACBA-8C193CE565CD}.Release|Win32.ActiveCfg = Release|Win32
		{E4945524-10B8-465B-ACBA-8C193CE565CD}.Release|Win32.Build.0 = Release|Win32
		{B0B7CF98-B3C9-4CFC-9A66-40181F5268B6}.Debug|Win32.ActiveCfg = Debug|Win32
		{B0B7CF98-B3C9-4CFC-9A66-40181F5268B6}.Debug|Win32.Build.0 = Debug|Win32
		{B0B7CF98-B3C9-4CFC-9A66-40181F5268B6}.Release|Win32.ActiveCfg = Release|Win32
		{B0B7CF98-B3C9-4CFC-9A66-40181F5268B6}.Release|Win32.Build.0 = Release|Win32
		{E74DD6DB-D181-4137-9755-E436F1BBF586}.Debug|Win32.ActiveCfg = Debug|Win32
		{E74DD6DB-D181-4137-9755-E436F1BBF586}.Debug|Win32.Build.0 = Debug|Win32
		{E74DD6DB-D181-4137-9755-E436F1BBF586}.Release|Win32.ActiveCfg = Release|Win32
		{E74DD6DB-D181-4137-9755-E436F1BBF586}.Release|Win32.Build.0 = Release|Win32
		{D547EA82-8F97-4AEA-9B5B-6C1A5B54B729}.Debug|Win32.ActiveCfg = Debug|Win32
		{D547EA82-8F97-4AEA-9B5B-6C1A5B54B729}.Debug|Win32.Build.0 = Debug|Win32
		{D547EA82-8F97-4AEA-9B5B-6C1A5B54B729}.Release|Win32.ActiveCfg = Release|Win32
		{D547EA82-8F97-4AEA-9B5B-6C1A5B54B729}.Release|Win32.Build.0 = Release|Win32
		{0CF76D7F-F70A-4623-83DA-04F912A73812}.Debug|Win32.ActiveCfg = Debug|Win32
		{0CF76D7F-F70A-4623-83DA-04F912A73812}.Debug|Win32.Build.0 = Debug|Win32
		{0CF76D7F-F70A-4623-83DA-04F912A73812}.Release|Win32.ActiveCfg = Release|Win32
		{0CF76D7F-F70A-4623-83DA-04F912A73812}.Release|Win32.Build.0 = Release|Win32
		{C83FD6D7-E465-4D1F-B715-AD554FBEC17C}.Debug|Win32.ActiveCfg = Debug|Win32
		{C83FD6D7-E465-4D1F-B715-AD554FBEC17C}.Debug|Win32.Build.0 = Debug|Win32
		{C83FD6D7-E465-4D1F-B715-AD554FBEC17C}.Release|Win32.ActiveCfg = Release|Win32
		{C83FD6D7-E465-4D1F-B715-AD554FBEC17C}.Release|Win32.Build.0 = Release|Win32
		{61C590B0-CC0B-4A55-B6FB-68A3DC97B1A0}.Debug|Win32.ActiveCfg = Debug|Win32
		{61C590B0-CC0B-4A55-B6FB-68A3DC97B1A0}.Debug|Win32.Build.0 = Debug|Win32
		{61C590B0-CC0B-4A55-B6FB-68A3DC97B1A0}.Release|Win32.ActiveCfg = Release|Win32
		{61C590B0-CC0B-4A55-B6FB-68A3DC97B1A0}.Release|Win32.Build.0 = Release|Win32
		{B6F14CB8-CCF6-4FD7-BE17-75050F90228C}.Debug|Win32.ActiveCfg = Debug|Win32
		{B6F14CB8-CCF6-4FD7-BE17-75050F90228C}.Debug|Win32.Build.0 = Debug|Win32
		{B6F14CB8-CCF6-4FD7-BE17-75050F90228C}.Release|Win32.ActiveCfg = Release|Win32
		{B6F14CB8-CCF6-4FD7-BE17-75050F90228C}.Release|Win32.Build.0 = Release|Win32
		{68E314E1-7E92-4EAA-B2AA-26D411E886B0}.Debug|Win32.ActiveCfg = Debug|Win32
		{68E314E1-7E92-4EAA-B2AA-26D411E886B0}.Debug|Win32.Build.0 = Debug|Win32
		{68E314E1-7E92-4EAA-B2AA-26D411E886B0}.Release|Win32.ActiveCfg = Release|Win32
		{68E314E1-7E92-4EAA-B2AA-26D411E886B0}.Release|Win32.Build.0 = Release|Win32
		{C10E3F57-38BC-42E8-96C3-915C80058F3B}.Debug|Win32.ActiveCfg = Debug|Win32
		{C10E3F57-38BC-42E8-96C3-915C80058F3B}.Debug|Win32.Build.0 = Debug|Win32
		{C10E3F57-38BC-42E8-96C3-915C80058F3B}.Release|Win32.ActiveCfg = Release|Win32
		{C10E3F57-38BC-42E8-96C3-915C80058F3B}.Release|Win32.Build.0 = Release|Win32
		{02B7915E-C407-4C7A-885A-8F3334A322C4}.Debug|Win32.ActiveCfg = Debug|Win32
		{02B7915E-C407-4C7A-885A-8F3334A322C4}.Debug|Win32.Build.0 = Debug|Win32
		{02B7915E-C407-4C7A-885A-8F3334A322C4}.Release|Win32.ActiveCfg = Release|Win32
		{02B7915E-C407-4C7A-885A-8F3334A322C4}.Release|Win32.Build.0 = Release|Win32
		{8ED5917A-4CCC-45D7-8A64-D7D674169C6F}.Debug|Win32.ActiveCfg = Debug|Win32
		{8ED5917A-4CCC-45D7-8A64-D7D674169C6F}.Debug|Win32.Build.0 = Debug|Win32
		{8ED5917A-4CCC-45D7-8A64-D7D674169C6F}.Release|Win32.ActiveCfg = Release|Win32
		{8ED5917A-4CCC-45D7-8A64-D7D674169C6F}.Release|Win32.Build.0 = Release|Win32
		{9643411F-2D2E-4E51-A11E-78F7C72D8182}.Debug|Win32.ActiveCfg = Debug|Win32
		{9643411F-2D2E-4E51-A11E-78F7C72D8182}.Debug|Win32.Build.0 = Debug|Win32
		{9643411F-2D2E-4E51-A11E-78F7C72D8182}.Release|Win32.ActiveCfg = Release|Win32
		{9643411F-2D2E-4E51-A11E-78F7C72D8182}.Release|Win32.Build.0 = Release|Win32
		{B5CB08D2-B2B8-4318-B444-A8EC94D4ECAA}.Debug|Win32.ActiveCfg = Debug|Win32
		{B5CB08D2-B2B8-4318-B444-A8EC94D4ECAA}.Debug|Win32.Build.0 = Debug|Win32
		{B5CB08D2-B2B8-4318-B444-A8EC94D4ECAA}.Release|Win32.ActiveCfg = Release|Win32
		{B5CB08D2-B2B8-4318-B444-A8EC94D4ECAA}.Release|Win32.Build.0 = Release|Win32
		{F9255E59-87E2-4440-B7BB-68A517432603}.Debug|Win32.ActiveCfg = Debug|Win32
		{F9255E59-87E2-4440-B7BB-68A517432603}.Debug|Win32.Build.0 = Debug|Win32
		{F9255E59-87E2-4440-B7BB-68A517432603}.Release|Win32.ActiveCfg = Release|Win32
		{F9255E59-87E2-4440-B7BB-68A517432603}.Release|Win32.Build.0 = Release|Win32
		{4ECE3A2D-B0F9-427A-90FA-0E413EE7BC42}.Debug|Win32.ActiveCfg = Debug|Win32
		{4ECE3A2D-B0F9-427A-90FA-0E413EE7BC42}.Debug|Win32.Build.0 = Debug|Win32
		{4ECE3A2D-B0F9-427A-90FA-0E413EE7BC42}.Release|Win32.ActiveCfg = Release|Win32
		{4ECE3A2D-B0F9-427A-90FA-0E413EE7BC42}.Release|Win32.Build.0 = Release|Win32
		{1EFC2843-75DF-46E4-B715-48E8EA8993AD}.Debug|Win32.ActiveCfg = Debug|Win32
		{1EFC2843-75DF-46E4-B715-48E8EA8993AD}.Debug|Win32.Build.0 = Debug|Win32
		{1EFC2843-75DF-46E4-B715-48E8EA8993AD}.Release|Win32.ActiveCfg = Release|Win32
		{1EFC2843-75DF-46E4-B715-48E8EA8993AD}.Release|Win32.Build.0 = Release|Win32
		{4A8E053D-4ABA-43BB-AE2B-53A28C048CCE}.Debug|Win32.ActiveCfg = Debug|Win32
		{4A8E053D-4ABA-43BB-AE2B-53A28C048CCE}.Debug|Win32.Build.0 = Debug|Win32
		{4A8E053D-4ABA-43BB-AE2B-53A28C048CCE}.Release|Win32.ActiveCfg = Release|Win32
		{4A8E053D-4ABA-43BB-AE2B-53A28C048CCE}.Release|Win32.Build.0 = Release|Win32
	EndGlobalSection
	GlobalSection(SolutionProperties) = preSolution
		HideSolutionNode = FALSE
	EndGlobalSection
	GlobalSection(NestedProjects) = preSolution
		{9ECAF8F1-2E7F-40DE-87C7-258C8D104E8E} = {8D7E5752-4983-4CFD-B77C-BB3CEB3CEB11}
		{8D7E5752-4983-4CFD-B77C-BB3CEB3CEB11} = {849A4416-27D5-437C-A143-15E39C273086}
		{EE74FC34-9FD7-4885-B66E-B4A169457E6C} = {E9507834-FCF2-402C-94BF-B4E291D52D9D}
		{0FA3345B-C09B-4EA2-9E0A-F67C5508BC7D} = {E9507834-FCF2-402C-94BF-B4E291D52D9D}
		{45129E82-A76F-4294-843B-2E8E86C34F8D} = {E9507834-FCF2-402C-94BF-B4E291D52D9D}
		{7602846C-78FF-40BE-A4A6-6BDB5BC2CCC3} = {0DD20C41-37FD-41C6-8EFE-03A1D0268809}
		{BC6030FF-09AE-4296-B96A-A7A44140328C} = {0DD20C41-37FD-41C6-8EFE-03A1D0268809}
		{84A92773-2757-4399-BD6E-78A87DCFED95} = {BC6030FF-09AE-4296-B96A-A7A44140328C}
		{387CCC8D-BCB0-487D-BA14-CB399D191026} = {EE74FC34-9FD7-4885-B66E-B4A169457E6C}
		{25A38D05-41C8-4A7D-B3B0-9773AEB7002A} = {EE74FC34-9FD7-4885-B66E-B4A169457E6C}
		{BE65EBF4-59A7-4E24-9D91-C03B8253ED49} = {EE74FC34-9FD7-4885-B66E-B4A169457E6C}
		{CF1BEDCA-0295-4F6D-98CF-543249DB0D24} = {EE74FC34-9FD7-4885-B66E-B4A169457E6C}
		{780C672B-3519-496B-95EF-40617CC90439} = {CAFE3817-37C1-4B1F-91FC-F1C980D51336}
		{CAFE3817-37C1-4B1F-91FC-F1C980D51336} = {EE74FC34-9FD7-4885-B66E-B4A169457E6C}
		{EAC83283-1A3F-48D5-AD92-74854021F829} = {0FA3345B-C09B-4EA2-9E0A-F67C5508BC7D}
		{C36B59AC-5674-41A4-AC34-113130D22411} = {0FA3345B-C09B-4EA2-9E0A-F67C5508BC7D}
		{E4945524-10B8-465B-ACBA-8C193CE565CD} = {7602846C-78FF-40BE-A4A6-6BDB5BC2CCC3}
		{B0B7CF98-B3C9-4CFC-9A66-40181F5268B6} = {0FA3345B-C09B-4EA2-9E0A-F67C5508BC7D}
		{E74DD6DB-D181-4137-9755-E436F1BBF586} = {45129E82-A76F-4294-843B-2E8E86C34F8D}
		{D547EA82-8F97-4AEA-9B5B-6C1A5B54B729} = {45129E82-A76F-4294-843B-2E8E86C34F8D}
		{0CF76D7F-F70A-4623-83DA-04F912A73812} = {45129E82-A76F-4294-843B-2E8E86C34F8D}
		{C83FD6D7-E465-4D1F-B715-AD554FBEC17C} = {CAFE3817-37C1-4B1F-91FC-F1C980D51336}
		{61C590B0-CC0B-4A55-B6FB-68A3DC97B1A0} = {EE74FC34-9FD7-4885-B66E-B4A169457E6C}
		{B6F14CB8-CCF6-4FD7-BE17-75050F90228C} = {36E612CC-F820-47E2-A5F8-FA31AAE679FA}
		{68E314E1-7E92-4EAA-B2AA-26D411E886B0} = {36E612CC-F820-47E2-A5F8-FA31AAE679FA}
		{C10E3F57-38BC-42E8-96C3-915C80058F3B} = {36E612CC-F820-47E2-A5F8-FA31AAE679FA}
		{02B7915E-C407-4C7A-885A-8F3334A322C4} = {36E612CC-F820-47E2-A5F8-FA31AAE679FA}
		{8ED5917A-4CCC-45D7-8A64-D7D674169C6F} = {0FA3345B-C09B-4EA2-9E0A-F67C5508BC7D}
		{9643411F-2D2E-4E51-A11E-78F7C72D8182} = {0FA3345B-C09B-4EA2-9E0A-F67C5508BC7D}
		{B5CB08D2-B2B8-4318-B444-A8EC94D4ECAA} = {0FA3345B-C09B-4EA2-9E0A-F67C5508BC7D}
		{F9255E59-87E2-4440-B7BB-68A517432603} = {0FA3345B-C09B-4EA2-9E0A-F67C5508BC7D}
		{4ECE3A2D-B0F9-427A-90FA-0E413EE7BC42} = {55250D63-10DE-45FA-A808-2B5C699BCD3D}
		{1EFC2843-75DF-46E4-B715-48E8EA8993AD} = {55250D63-10DE-45FA-A808-2B5C699BCD3D}
		{4A8E053D-4ABA-43BB-AE2B-53A28C048CCE} = {55250D63-10DE-45FA-A808-2B5C699BCD3D}
	EndGlobalSection
EndGlobal
