
Microsoft Visual Studio Solution File, Format Version 12.00
# Visual Studio 2013
VisualStudioVersion = 12.0.30723.0
MinimumVisualStudioVersion = 10.0.40219.1
Project("{8BC9CEB8-8B4A-11D0-8D11-00A0C91BC942}") = "UninonFind", "FirstExample\FirstExample.vcxproj", "{9ECAF8F1-2E7F-40DE-87C7-258C8D104E8E}"
EndProject
Project("{2150E333-8FDC-42A3-9474-1A3956D46DE8}") = "Connectivity", "Connectivity", "{8D7E5752-4983-4CFD-B77C-BB3CEB3CEB11}"
EndProject
Project("{8BC9CEB8-8B4A-11D0-8D11-00A0C91BC942}") = "AlgorithmTestFramework", "AlgorithmTestFramework\AlgorithmTestFramework.vcxproj", "{9FD6B07D-D0D7-4A7E-A9C3-86881047F8D8}"
EndProject
Project("{2150E333-8FDC-42A3-9474-1A3956D46DE8}") = "Framework", "Framework", "{FE9452FE-A3FB-4AD7-8663-7F07993D102B}"
EndProject
Project("{2150E333-8FDC-42A3-9474-1A3956D46DE8}") = "Searching", "Searching", "{0DD20C41-37FD-41C6-8EFE-03A1D0268809}"
EndProject
Project("{2150E333-8FDC-42A3-9474-1A3956D46DE8}") = "Elementary Data Structures", "Elementary Data Structures", "{EE74FC34-9FD7-4885-B66E-B4A169457E6C}"
EndProject
Project("{2150E333-8FDC-42A3-9474-1A3956D46DE8}") = "Abstract Data Types", "Abstract Data Types", "{0FA3345B-C09B-4EA2-9E0A-F67C5508BC7D}"
EndProject
Project("{2150E333-8FDC-42A3-9474-1A3956D46DE8}") = "Recursion and Trees", "Recursion and Trees", "{45129E82-A76F-4294-843B-2E8E86C34F8D}"
EndProject
Project("{2150E333-8FDC-42A3-9474-1A3956D46DE8}") = "Elementary Sorting Methods", "Elementary Sorting Methods", "{271746C2-11DF-4D21-8C80-93D818588DAA}"
EndProject
Project("{2150E333-8FDC-42A3-9474-1A3956D46DE8}") = "Quicksort", "Quicksort", "{7A29EEED-BDF4-4B14-ADE2-CF7D7E234A7B}"
EndProject
Project("{2150E333-8FDC-42A3-9474-1A3956D46DE8}") = "Merging and Mergesort", "Merging and Mergesort", "{AA54139C-4173-4A7A-B4A6-CC7CE78E2252}"
EndProject
Project("{2150E333-8FDC-42A3-9474-1A3956D46DE8}") = "Priority Queues and Heapsort", "Priority Queues and Heapsort", "{2CE40393-98B2-46F5-ACD7-DDFE47DEC118}"
EndProject
Project("{2150E333-8FDC-42A3-9474-1A3956D46DE8}") = "Radix sorting", "Radix sorting", "{EAED68E7-C0BB-4336-9401-A626FD360240}"
EndProject
Project("{2150E333-8FDC-42A3-9474-1A3956D46DE8}") = "Special Purpose Sorting", "Special Purpose Sorting", "{F99967D5-8448-4142-8D23-0FC70526C8B6}"
EndProject
Project("{2150E333-8FDC-42A3-9474-1A3956D46DE8}") = "Data Structures", "Data Structures", "{E9507834-FCF2-402C-94BF-B4E291D52D9D}"
EndProject
Project("{2150E333-8FDC-42A3-9474-1A3956D46DE8}") = "Sorting", "Sorting", "{BCD88E49-46DC-4FB3-BFD0-7E566157A5CA}"
EndProject
Project("{2150E333-8FDC-42A3-9474-1A3956D46DE8}") = "Fundamentals", "Fundamentals", "{849A4416-27D5-437C-A143-15E39C273086}"
EndProject
Project("{2150E333-8FDC-42A3-9474-1A3956D46DE8}") = "Symbol Tables and BSTs", "Symbol Tables and BSTs", "{22E4F4FA-909B-4DA8-8A31-ABFE380D0CCB}"
EndProject
Project("{2150E333-8FDC-42A3-9474-1A3956D46DE8}") = "Balanced Trees", "Balanced Trees", "{7602846C-78FF-40BE-A4A6-6BDB5BC2CCC3}"
EndProject
Project("{2150E333-8FDC-42A3-9474-1A3956D46DE8}") = "Hashing", "Hashing", "{5D954E50-380B-4163-A90B-6DF8D7F9726B}"
EndProject
Project("{2150E333-8FDC-42A3-9474-1A3956D46DE8}") = "Radix Search", "Radix Search", "{420CCFEC-B6C9-4799-BDF8-7A421E3A2C5E}"
EndProject
Project("{2150E333-8FDC-42A3-9474-1A3956D46DE8}") = "External Searching", "External Searching", "{0998A23F-643F-4D86-B263-1CE806815BB3}"
EndProject
Project("{2150E333-8FDC-42A3-9474-1A3956D46DE8}") = "Graphs", "Graphs", "{E901A41E-6E92-44A5-A6B2-D94F889013A7}"
EndProject
Project("{2150E333-8FDC-42A3-9474-1A3956D46DE8}") = "Graph properties and types", "Graph properties and types", "{7B3F2325-358C-4369-B462-6A93B62E1F91}"
EndProject
Project("{2150E333-8FDC-42A3-9474-1A3956D46DE8}") = "Graph search", "Graph search", "{F480C784-9C58-483D-91FC-8C8B20F7C445}"
EndProject
Project("{2150E333-8FDC-42A3-9474-1A3956D46DE8}") = "Digraphs and DAGs", "Digraphs and DAGs", "{9DCBB9B4-FBD1-4233-A58A-26E1F65A1D54}"
EndProject
Project("{2150E333-8FDC-42A3-9474-1A3956D46DE8}") = "Minimum spanning trees", "Minimum spanning trees", "{7EC30BA0-E568-42FC-920E-DEB3B9B391C5}"
EndProject
Project("{2150E333-8FDC-42A3-9474-1A3956D46DE8}") = "Shortest Paths", "Shortest Paths", "{E8F9D968-C3D0-448F-99B5-E165E3EB4FC8}"
EndProject
Project("{2150E333-8FDC-42A3-9474-1A3956D46DE8}") = "Network Flow", "Network Flow", "{CCA9F77F-245B-454E-AD92-115494661B47}"
EndProject
Project("{2150E333-8FDC-42A3-9474-1A3956D46DE8}") = "Basic searching", "Basic searching", "{BC6030FF-09AE-4296-B96A-A7A44140328C}"
EndProject
Project("{8BC9CEB8-8B4A-11D0-8D11-00A0C91BC942}") = "BasicSearching", "BasicSearching\BasicSearching.vcxproj", "{84A92773-2757-4399-BD6E-78A87DCFED95}"
EndProject
Project("{8BC9CEB8-8B4A-11D0-8D11-00A0C91BC942}") = "BasicWorkTools", "BasicWorkTools\BasicWorkTools.vcxproj", "{387CCC8D-BCB0-487D-BA14-CB399D191026}"
EndProject
Project("{8BC9CEB8-8B4A-11D0-8D11-00A0C91BC942}") = "ErathosteneSieve", "ErathosteneSieve\ErathosteneSieve.vcxproj", "{25A38D05-41C8-4A7D-B3B0-9773AEB7002A}"
EndProject
Project("{8BC9CEB8-8B4A-11D0-8D11-00A0C91BC942}") = "SimpleLinkedList", "SimpleLinkedList\SimpleLinkedList.vcxproj", "{BE65EBF4-59A7-4E24-9D91-C03B8253ED49}"
EndProject
Project("{8BC9CEB8-8B4A-11D0-8D11-00A0C91BC942}") = "JosephuCircularList", "JosephuCircularList\JosephuCircularList.vcxproj", "{CF1BEDCA-0295-4F6D-98CF-543249DB0D24}"
EndProject
Project("{8BC9CEB8-8B4A-11D0-8D11-00A0C91BC942}") = "LinkedListFramework", "LinkedListFramework\LinkedListFramework.vcxproj", "{780C672B-3519-496B-95EF-40617CC90439}"
EndProject
Project("{2150E333-8FDC-42A3-9474-1A3956D46DE8}") = "linked list framework", "linked list framework", "{CAFE3817-37C1-4B1F-91FC-F1C980D51336}"
EndProject
Project("{8BC9CEB8-8B4A-11D0-8D11-00A0C91BC942}") = "TestLinkedListFramework", "TestLinkedListFramework\TestLinkedListFramework.vcxproj", "{77F816A3-EE0C-4E1E-AB29-B3F625745954}"
EndProject
Project("{8BC9CEB8-8B4A-11D0-8D11-00A0C91BC942}") = "Stack", "Stack\Stack.vcxproj", "{EAC83283-1A3F-48D5-AD92-74854021F829}"
EndProject
Project("{8BC9CEB8-8B4A-11D0-8D11-00A0C91BC942}") = "Deqeue", "Deqeue\Deqeue.vcxproj", "{C36B59AC-5674-41A4-AC34-113130D22411}"
EndProject
Project("{8BC9CEB8-8B4A-11D0-8D11-00A0C91BC942}") = "SkipLists", "SkipLists\SkipLists.vcxproj", "{E4945524-10B8-465B-ACBA-8C193CE565CD}"
EndProject
Project("{8BC9CEB8-8B4A-11D0-8D11-00A0C91BC942}") = "Polynomial", "Polynomial\Polynomial.vcxproj", "{B0B7CF98-B3C9-4CFC-9A66-40181F5268B6}"
EndProject
Global
	GlobalSection(SolutionConfigurationPlatforms) = preSolution
		Debug|Win32 = Debug|Win32
		Release|Win32 = Release|Win32
	EndGlobalSection
	GlobalSection(ProjectConfigurationPlatforms) = postSolution
		{9ECAF8F1-2E7F-40DE-87C7-258C8D104E8E}.Debug|Win32.ActiveCfg = Debug|Win32
		{9ECAF8F1-2E7F-40DE-87C7-258C8D104E8E}.Debug|Win32.Build.0 = Debug|Win32
		{9ECAF8F1-2E7F-40DE-87C7-258C8D104E8E}.Release|Win32.ActiveCfg = Release|Win32
		{9ECAF8F1-2E7F-40DE-87C7-258C8D104E8E}.Release|Win32.Build.0 = Release|Win32
		{9FD6B07D-D0D7-4A7E-A9C3-86881047F8D8}.Debug|Win32.ActiveCfg = Debug|Win32
		{9FD6B07D-D0D7-4A7E-A9C3-86881047F8D8}.Debug|Win32.Build.0 = Debug|Win32
		{9FD6B07D-D0D7-4A7E-A9C3-86881047F8D8}.Release|Win32.ActiveCfg = Release|Win32
		{9FD6B07D-D0D7-4A7E-A9C3-86881047F8D8}.Release|Win32.Build.0 = Release|Win32
		{84A92773-2757-4399-BD6E-78A87DCFED95}.Debug|Win32.ActiveCfg = Debug|Win32
		{84A92773-2757-4399-BD6E-78A87DCFED95}.Debug|Win32.Build.0 = Debug|Win32
		{84A92773-2757-4399-BD6E-78A87DCFED95}.Release|Win32.ActiveCfg = Release|Win32
		{84A92773-2757-4399-BD6E-78A87DCFED95}.Release|Win32.Build.0 = Release|Win32
		{387CCC8D-BCB0-487D-BA14-CB399D191026}.Debug|Win32.ActiveCfg = Debug|Win32
		{387CCC8D-BCB0-487D-BA14-CB399D191026}.Debug|Win32.Build.0 = Debug|Win32
		{387CCC8D-BCB0-487D-BA14-CB399D191026}.Release|Win32.ActiveCfg = Release|Win32
		{387CCC8D-BCB0-487D-BA14-CB399D191026}.Release|Win32.Build.0 = Release|Win32
		{25A38D05-41C8-4A7D-B3B0-9773AEB7002A}.Debug|Win32.ActiveCfg = Debug|Win32
		{25A38D05-41C8-4A7D-B3B0-9773AEB7002A}.Debug|Win32.Build.0 = Debug|Win32
		{25A38D05-41C8-4A7D-B3B0-9773AEB7002A}.Release|Win32.ActiveCfg = Release|Win32
		{25A38D05-41C8-4A7D-B3B0-9773AEB7002A}.Release|Win32.Build.0 = Release|Win32
		{BE65EBF4-59A7-4E24-9D91-C03B8253ED49}.Debug|Win32.ActiveCfg = Debug|Win32
		{BE65EBF4-59A7-4E24-9D91-C03B8253ED49}.Debug|Win32.Build.0 = Debug|Win32
		{BE65EBF4-59A7-4E24-9D91-C03B8253ED49}.Release|Win32.ActiveCfg = Release|Win32
		{BE65EBF4-59A7-4E24-9D91-C03B8253ED49}.Release|Win32.Build.0 = Release|Win32
		{CF1BEDCA-0295-4F6D-98CF-543249DB0D24}.Debug|Win32.ActiveCfg = Debug|Win32
		{CF1BEDCA-0295-4F6D-98CF-543249DB0D24}.Debug|Win32.Build.0 = Debug|Win32
		{CF1BEDCA-0295-4F6D-98CF-543249DB0D24}.Release|Win32.ActiveCfg = Release|Win32
		{CF1BEDCA-0295-4F6D-98CF-543249DB0D24}.Release|Win32.Build.0 = Release|Win32
		{780C672B-3519-496B-95EF-40617CC90439}.Debug|Win32.ActiveCfg = Debug|Win32
		{780C672B-3519-496B-95EF-40617CC90439}.Debug|Win32.Build.0 = Debug|Win32
		{780C672B-3519-496B-95EF-40617CC90439}.Release|Win32.ActiveCfg = Release|Win32
		{780C672B-3519-496B-95EF-40617CC90439}.Release|Win32.Build.0 = Release|Win32
		{77F816A3-EE0C-4E1E-AB29-B3F625745954}.Debug|Win32.ActiveCfg = Debug|Win32
		{77F816A3-EE0C-4E1E-AB29-B3F625745954}.Debug|Win32.Build.0 = Debug|Win32
		{77F816A3-EE0C-4E1E-AB29-B3F625745954}.Release|Win32.ActiveCfg = Release|Win32
		{77F816A3-EE0C-4E1E-AB29-B3F625745954}.Release|Win32.Build.0 = Release|Win32
		{EAC83283-1A3F-48D5-AD92-74854021F829}.Debug|Win32.ActiveCfg = Debug|Win32
		{EAC83283-1A3F-48D5-AD92-74854021F829}.Debug|Win32.Build.0 = Debug|Win32
		{EAC83283-1A3F-48D5-AD92-74854021F829}.Release|Win32.ActiveCfg = Release|Win32
		{EAC83283-1A3F-48D5-AD92-74854021F829}.Release|Win32.Build.0 = Release|Win32
		{C36B59AC-5674-41A4-AC34-113130D22411}.Debug|Win32.ActiveCfg = Debug|Win32
		{C36B59AC-5674-41A4-AC34-113130D22411}.Debug|Win32.Build.0 = Debug|Win32
		{C36B59AC-5674-41A4-AC34-113130D22411}.Release|Win32.ActiveCfg = Release|Win32
		{C36B59AC-5674-41A4-AC34-113130D22411}.Release|Win32.Build.0 = Release|Win32
		{E4945524-10B8-465B-ACBA-8C193CE565CD}.Debug|Win32.ActiveCfg = Debug|Win32
		{E4945524-10B8-465B-ACBA-8C193CE565CD}.Debug|Win32.Build.0 = Debug|Win32
		{E4945524-10B8-465B-ACBA-8C193CE565CD}.Release|Win32.ActiveCfg = Release|Win32
		{E4945524-10B8-465B-ACBA-8C193CE565CD}.Release|Win32.Build.0 = Release|Win32
		{B0B7CF98-B3C9-4CFC-9A66-40181F5268B6}.Debug|Win32.ActiveCfg = Debug|Win32
		{B0B7CF98-B3C9-4CFC-9A66-40181F5268B6}.Debug|Win32.Build.0 = Debug|Win32
		{B0B7CF98-B3C9-4CFC-9A66-40181F5268B6}.Release|Win32.ActiveCfg = Release|Win32
		{B0B7CF98-B3C9-4CFC-9A66-40181F5268B6}.Release|Win32.Build.0 = Release|Win32
	EndGlobalSection
	GlobalSection(SolutionProperties) = preSolution
		HideSolutionNode = FALSE
	EndGlobalSection
	GlobalSection(NestedProjects) = preSolution
		{9ECAF8F1-2E7F-40DE-87C7-258C8D104E8E} = {8D7E5752-4983-4CFD-B77C-BB3CEB3CEB11}
		{8D7E5752-4983-4CFD-B77C-BB3CEB3CEB11} = {849A4416-27D5-437C-A143-15E39C273086}
		{9FD6B07D-D0D7-4A7E-A9C3-86881047F8D8} = {FE9452FE-A3FB-4AD7-8663-7F07993D102B}
		{FE9452FE-A3FB-4AD7-8663-7F07993D102B} = {849A4416-27D5-437C-A143-15E39C273086}
		{EE74FC34-9FD7-4885-B66E-B4A169457E6C} = {E9507834-FCF2-402C-94BF-B4E291D52D9D}
		{0FA3345B-C09B-4EA2-9E0A-F67C5508BC7D} = {E9507834-FCF2-402C-94BF-B4E291D52D9D}
		{45129E82-A76F-4294-843B-2E8E86C34F8D} = {E9507834-FCF2-402C-94BF-B4E291D52D9D}
		{271746C2-11DF-4D21-8C80-93D818588DAA} = {BCD88E49-46DC-4FB3-BFD0-7E566157A5CA}
		{7A29EEED-BDF4-4B14-ADE2-CF7D7E234A7B} = {BCD88E49-46DC-4FB3-BFD0-7E566157A5CA}
		{AA54139C-4173-4A7A-B4A6-CC7CE78E2252} = {BCD88E49-46DC-4FB3-BFD0-7E566157A5CA}
		{2CE40393-98B2-46F5-ACD7-DDFE47DEC118} = {BCD88E49-46DC-4FB3-BFD0-7E566157A5CA}
		{EAED68E7-C0BB-4336-9401-A626FD360240} = {BCD88E49-46DC-4FB3-BFD0-7E566157A5CA}
		{F99967D5-8448-4142-8D23-0FC70526C8B6} = {BCD88E49-46DC-4FB3-BFD0-7E566157A5CA}
		{22E4F4FA-909B-4DA8-8A31-ABFE380D0CCB} = {0DD20C41-37FD-41C6-8EFE-03A1D0268809}
		{7602846C-78FF-40BE-A4A6-6BDB5BC2CCC3} = {0DD20C41-37FD-41C6-8EFE-03A1D0268809}
		{5D954E50-380B-4163-A90B-6DF8D7F9726B} = {0DD20C41-37FD-41C6-8EFE-03A1D0268809}
		{420CCFEC-B6C9-4799-BDF8-7A421E3A2C5E} = {0DD20C41-37FD-41C6-8EFE-03A1D0268809}
		{0998A23F-643F-4D86-B263-1CE806815BB3} = {0DD20C41-37FD-41C6-8EFE-03A1D0268809}
		{7B3F2325-358C-4369-B462-6A93B62E1F91} = {E901A41E-6E92-44A5-A6B2-D94F889013A7}
		{F480C784-9C58-483D-91FC-8C8B20F7C445} = {E901A41E-6E92-44A5-A6B2-D94F889013A7}
		{9DCBB9B4-FBD1-4233-A58A-26E1F65A1D54} = {E901A41E-6E92-44A5-A6B2-D94F889013A7}
		{7EC30BA0-E568-42FC-920E-DEB3B9B391C5} = {E901A41E-6E92-44A5-A6B2-D94F889013A7}
		{E8F9D968-C3D0-448F-99B5-E165E3EB4FC8} = {E901A41E-6E92-44A5-A6B2-D94F889013A7}
		{CCA9F77F-245B-454E-AD92-115494661B47} = {E901A41E-6E92-44A5-A6B2-D94F889013A7}
		{BC6030FF-09AE-4296-B96A-A7A44140328C} = {0DD20C41-37FD-41C6-8EFE-03A1D0268809}
		{84A92773-2757-4399-BD6E-78A87DCFED95} = {BC6030FF-09AE-4296-B96A-A7A44140328C}
		{387CCC8D-BCB0-487D-BA14-CB399D191026} = {EE74FC34-9FD7-4885-B66E-B4A169457E6C}
		{25A38D05-41C8-4A7D-B3B0-9773AEB7002A} = {EE74FC34-9FD7-4885-B66E-B4A169457E6C}
		{BE65EBF4-59A7-4E24-9D91-C03B8253ED49} = {EE74FC34-9FD7-4885-B66E-B4A169457E6C}
		{CF1BEDCA-0295-4F6D-98CF-543249DB0D24} = {EE74FC34-9FD7-4885-B66E-B4A169457E6C}
		{780C672B-3519-496B-95EF-40617CC90439} = {CAFE3817-37C1-4B1F-91FC-F1C980D51336}
		{CAFE3817-37C1-4B1F-91FC-F1C980D51336} = {EE74FC34-9FD7-4885-B66E-B4A169457E6C}
		{77F816A3-EE0C-4E1E-AB29-B3F625745954} = {CAFE3817-37C1-4B1F-91FC-F1C980D51336}
		{EAC83283-1A3F-48D5-AD92-74854021F829} = {0FA3345B-C09B-4EA2-9E0A-F67C5508BC7D}
		{C36B59AC-5674-41A4-AC34-113130D22411} = {0FA3345B-C09B-4EA2-9E0A-F67C5508BC7D}
		{E4945524-10B8-465B-ACBA-8C193CE565CD} = {7602846C-78FF-40BE-A4A6-6BDB5BC2CCC3}
		{B0B7CF98-B3C9-4CFC-9A66-40181F5268B6} = {0FA3345B-C09B-4EA2-9E0A-F67C5508BC7D}
	EndGlobalSection
EndGlobal
