<?xml version="1.0" encoding="utf-8"?>
<Project ToolsVersion="4.0" xmlns="http://schemas.microsoft.com/developer/msbuild/2003">
  <ItemGroup>
    <Filter Include="Source Files">
      <UniqueIdentifier>{4FC737F1-C7A5-4376-A066-2A32D752A2FF}</UniqueIdentifier>
      <Extensions>cpp;c;cc;cxx;def;odl;idl;hpj;bat;asm;asmx</Extensions>
    </Filter>
    <Filter Include="Header Files">
      <UniqueIdentifier>{93995380-89BD-4b04-88EB-625FBE52EBFB}</UniqueIdentifier>
      <Extensions>h;hh;hpp;hxx;hm;inl;inc;xsd</Extensions>
    </Filter>
    <Filter Include="Header Files\operations">
      <UniqueIdentifier>{ef92a6b5-f6e7-415d-b467-a5e69595bb07}</UniqueIdentifier>
    </Filter>
    <Filter Include="Header Files\singly linked list">
      <UniqueIdentifier>{e6666f0b-dbf1-48ef-9e7a-20deab989176}</UniqueIdentifier>
    </Filter>
    <Filter Include="Header Files\doubly linked list">
      <UniqueIdentifier>{b4a43d9c-eb8c-46cf-a65a-92ff077aabc1}</UniqueIdentifier>
    </Filter>
  </ItemGroup>
  <ItemGroup>
    <ClCompile Include="main.cpp">
      <Filter>Source Files</Filter>
    </ClCompile>
    <ClCompile Include="DoublyLinkedList_impl1.h">
      <Filter>Header Files\doubly linked list</Filter>
    </ClCompile>
  </ItemGroup>
  <ItemGroup>
    <ClInclude Include="Node.h">
      <Filter>Header Files</Filter>
    </ClInclude>
    <ClInclude Include="IInsertOperations.h">
      <Filter>Header Files\operations</Filter>
    </ClInclude>
    <ClInclude Include="IListsOperations.h">
      <Filter>Header Files\operations</Filter>
    </ClInclude>
    <ClInclude Include="IRemoveOperations.h">
      <Filter>Header Files\operations</Filter>
    </ClInclude>
    <ClInclude Include="IUtilityOperations.h">
      <Filter>Header Files\operations</Filter>
    </ClInclude>
    <ClInclude Include="IViewOperations.h">
      <Filter>Header Files\operations</Filter>
    </ClInclude>
    <ClInclude Include="SingleLinkedList_impl1.h">
      <Filter>Header Files\singly linked list</Filter>
    </ClInclude>
    <ClInclude Include="SIngleLinkedList_impl2.h">
      <Filter>Header Files\singly linked list</Filter>
    </ClInclude>
    <ClInclude Include="DoublyLinkedList_impl2.h">
      <Filter>Header Files\doubly linked list</Filter>
    </ClInclude>
  </ItemGroup>
</Project>